
Microsoft Visual Studio Solution File, Format Version 12.00
# Visual Studio Version 16
VisualStudioVersion = 16.0.31829.152
MinimumVisualStudioVersion = 10.0.40219.1
Project("{FAE04EC0-301F-11D3-BF4B-00C04F79EFBC}") = "Promoção", "Promoção.csproj", "{F1C565A8-9561-40EC-A437-7467EFBDC261}"
EndProject
Global
	GlobalSection(SolutionConfigurationPlatforms) = preSolution
		Debug|Any CPU = Debug|Any CPU
		Release|Any CPU = Release|Any CPU
	EndGlobalSection
	GlobalSection(ProjectConfigurationPlatforms) = postSolution
		{F1C565A8-9561-40EC-A437-7467EFBDC261}.Debug|Any CPU.ActiveCfg = Debug|Any CPU
		{F1C565A8-9561-40EC-A437-7467EFBDC261}.Debug|Any CPU.Build.0 = Debug|Any CPU
		{F1C565A8-9561-40EC-A437-7467EFBDC261}.Release|Any CPU.ActiveCfg = Release|Any CPU
		{F1C565A8-9561-40EC-A437-7467EFBDC261}.Release|Any CPU.Build.0 = Release|Any CPU
	EndGlobalSection
	GlobalSection(SolutionProperties) = preSolution
		HideSolutionNode = FALSE
	EndGlobalSection
	GlobalSection(ExtensibilityGlobals) = postSolution
		SolutionGuid = {1D109719-9F79-4DA9-B3D8-3B165961A6BF}
	EndGlobalSection
EndGlobal
